// !$*UTF8*$!
{
	archiveVersion = 1;
	classes = {
	};
	objectVersion = 48;
	objects = {

/* Begin PBXBuildFile section */
		2D47C3DD1FB44B46009646A8 /* HHAMapHelper.m in Sources */ = {isa = PBXBuildFile; fileRef = 2D47C3DC1FB44B45009646A8 /* HHAMapHelper.m */; };
		2D47C3E01FB44F17009646A8 /* HHMyTripController.m in Sources */ = {isa = PBXBuildFile; fileRef = 2D47C3DF1FB44F17009646A8 /* HHMyTripController.m */; };
		2D47C3F11FB45335009646A8 /* UIView+animated.m in Sources */ = {isa = PBXBuildFile; fileRef = 2D47C3E31FB45335009646A8 /* UIView+animated.m */; };
		2D47C3F21FB45335009646A8 /* DejNetwork.m in Sources */ = {isa = PBXBuildFile; fileRef = 2D47C3E61FB45335009646A8 /* DejNetwork.m */; };
		2D47C3F31FB45335009646A8 /* YDNetWork.m in Sources */ = {isa = PBXBuildFile; fileRef = 2D47C3E81FB45335009646A8 /* YDNetWork.m */; };
		2D47C3F41FB45335009646A8 /* YDNetworking.m in Sources */ = {isa = PBXBuildFile; fileRef = 2D47C3EA1FB45335009646A8 /* YDNetworking.m */; };
		2D47C3F51FB45335009646A8 /* TimerManager.m in Sources */ = {isa = PBXBuildFile; fileRef = 2D47C3ED1FB45335009646A8 /* TimerManager.m */; };
		2D47C3F61FB45335009646A8 /* HHServicePickerView.m in Sources */ = {isa = PBXBuildFile; fileRef = 2D47C3F01FB45335009646A8 /* HHServicePickerView.m */; };
		2D47C3FF1FB453A6009646A8 /* YDSelectPhoto.m in Sources */ = {isa = PBXBuildFile; fileRef = 2D47C3F91FB453A6009646A8 /* YDSelectPhoto.m */; };
		2D47C4001FB453A6009646A8 /* DejActivityView.m in Sources */ = {isa = PBXBuildFile; fileRef = 2D47C3FC1FB453A6009646A8 /* DejActivityView.m */; };
		2D47C4011FB453A6009646A8 /* DejFlickerView.m in Sources */ = {isa = PBXBuildFile; fileRef = 2D47C3FE1FB453A6009646A8 /* DejFlickerView.m */; };
		2D47C4041FB458CB009646A8 /* MapManager.m in Sources */ = {isa = PBXBuildFile; fileRef = 2D47C4031FB458CB009646A8 /* MapManager.m */; };
		2DD9F4B21FB43FF8003A0ACE /* AppDelegate.m in Sources */ = {isa = PBXBuildFile; fileRef = 2DD9F4B11FB43FF8003A0ACE /* AppDelegate.m */; };
		2DD9F4B51FB43FF8003A0ACE /* ViewController.m in Sources */ = {isa = PBXBuildFile; fileRef = 2DD9F4B41FB43FF8003A0ACE /* ViewController.m */; };
		2DD9F4B81FB43FF8003A0ACE /* Main.storyboard in Resources */ = {isa = PBXBuildFile; fileRef = 2DD9F4B61FB43FF8003A0ACE /* Main.storyboard */; };
		2DD9F4BA1FB43FF8003A0ACE /* Assets.xcassets in Resources */ = {isa = PBXBuildFile; fileRef = 2DD9F4B91FB43FF8003A0ACE /* Assets.xcassets */; };
		2DD9F4BD1FB43FF8003A0ACE /* LaunchScreen.storyboard in Resources */ = {isa = PBXBuildFile; fileRef = 2DD9F4BB1FB43FF8003A0ACE /* LaunchScreen.storyboard */; };
		2DD9F4C01FB43FF8003A0ACE /* main.m in Sources */ = {isa = PBXBuildFile; fileRef = 2DD9F4BF1FB43FF8003A0ACE /* main.m */; };
		2DD9F4CE1FB440DB003A0ACE /* HHNavigationController.m in Sources */ = {isa = PBXBuildFile; fileRef = 2DD9F4CD1FB440DB003A0ACE /* HHNavigationController.m */; };
		2DD9F4D11FB440F4003A0ACE /* HHBaseController.m in Sources */ = {isa = PBXBuildFile; fileRef = 2DD9F4D01FB440F4003A0ACE /* HHBaseController.m */; };
		2DD9F4D71FB44226003A0ACE /* Global.m in Sources */ = {isa = PBXBuildFile; fileRef = 2DD9F4D61FB44226003A0ACE /* Global.m */; };
		2DD9F4DC1FB4427D003A0ACE /* HHMainController.m in Sources */ = {isa = PBXBuildFile; fileRef = 2DD9F4DB1FB4427D003A0ACE /* HHMainController.m */; };
		2DD9F4E41FB442C1003A0ACE /* NSString+date.m in Sources */ = {isa = PBXBuildFile; fileRef = 2DD9F4DF1FB442C0003A0ACE /* NSString+date.m */; };
		2DD9F4E51FB442C1003A0ACE /* UIView+YDHandle.m in Sources */ = {isa = PBXBuildFile; fileRef = 2DD9F4E11FB442C0003A0ACE /* UIView+YDHandle.m */; };
		2DD9F4E61FB442C1003A0ACE /* NSString+Valid.m in Sources */ = {isa = PBXBuildFile; fileRef = 2DD9F4E21FB442C0003A0ACE /* NSString+Valid.m */; };
		2DD9F4E71FB442C1003A0ACE /* Foundation+Log.m in Sources */ = {isa = PBXBuildFile; fileRef = 2DD9F4E31FB442C1003A0ACE /* Foundation+Log.m */; };
		2DD9F5131FB4473E003A0ACE /* HHMyInfoController.m in Sources */ = {isa = PBXBuildFile; fileRef = 2DD9F5121FB4473E003A0ACE /* HHMyInfoController.m */; };
		2DD9F5161FB44750003A0ACE /* HHAnimateController.m in Sources */ = {isa = PBXBuildFile; fileRef = 2DD9F5151FB44750003A0ACE /* HHAnimateController.m */; };
		2DD9F5191FB447A5003A0ACE /* HHPersonController.m in Sources */ = {isa = PBXBuildFile; fileRef = 2DD9F5181FB447A5003A0ACE /* HHPersonController.m */; };
		4C6FAE2200B04E31A8AA55CD /* libPods-ssiwo.a in Frameworks */ = {isa = PBXBuildFile; fileRef = 8EA714ECD3483615B57C76E4 /* libPods-ssiwo.a */; };
/* End PBXBuildFile section */

/* Begin PBXFileReference section */
		02C887AB2D141C7432FD6998 /* Pods-ssiwo.release.xcconfig */ = {isa = PBXFileReference; includeInIndex = 1; lastKnownFileType = text.xcconfig; name = "Pods-ssiwo.release.xcconfig"; path = "Pods/Target Support Files/Pods-ssiwo/Pods-ssiwo.release.xcconfig"; sourceTree = "<group>"; };
		1658EC6129DFC18FCDB77C0F /* Pods-ssiwo.debug.xcconfig */ = {isa = PBXFileReference; includeInIndex = 1; lastKnownFileType = text.xcconfig; name = "Pods-ssiwo.debug.xcconfig"; path = "Pods/Target Support Files/Pods-ssiwo/Pods-ssiwo.debug.xcconfig"; sourceTree = "<group>"; };
		2D47C3DB1FB44B45009646A8 /* HHAMapHelper.h */ = {isa = PBXFileReference; fileEncoding = 4; lastKnownFileType = sourcecode.c.h; path = HHAMapHelper.h; sourceTree = "<group>"; };
		2D47C3DC1FB44B45009646A8 /* HHAMapHelper.m */ = {isa = PBXFileReference; fileEncoding = 4; lastKnownFileType = sourcecode.c.objc; path = HHAMapHelper.m; sourceTree = "<group>"; };
		2D47C3DE1FB44F17009646A8 /* HHMyTripController.h */ = {isa = PBXFileReference; lastKnownFileType = sourcecode.c.h; path = HHMyTripController.h; sourceTree = "<group>"; };
		2D47C3DF1FB44F17009646A8 /* HHMyTripController.m */ = {isa = PBXFileReference; lastKnownFileType = sourcecode.c.objc; path = HHMyTripController.m; sourceTree = "<group>"; };
		2D47C3E21FB45335009646A8 /* UIView+animated.h */ = {isa = PBXFileReference; fileEncoding = 4; lastKnownFileType = sourcecode.c.h; path = "UIView+animated.h"; sourceTree = "<group>"; };
		2D47C3E31FB45335009646A8 /* UIView+animated.m */ = {isa = PBXFileReference; fileEncoding = 4; lastKnownFileType = sourcecode.c.objc; path = "UIView+animated.m"; sourceTree = "<group>"; };
		2D47C3E51FB45335009646A8 /* DejNetwork.h */ = {isa = PBXFileReference; fileEncoding = 4; lastKnownFileType = sourcecode.c.h; path = DejNetwork.h; sourceTree = "<group>"; };
		2D47C3E61FB45335009646A8 /* DejNetwork.m */ = {isa = PBXFileReference; fileEncoding = 4; lastKnownFileType = sourcecode.c.objc; path = DejNetwork.m; sourceTree = "<group>"; };
		2D47C3E71FB45335009646A8 /* YDNetWork.h */ = {isa = PBXFileReference; fileEncoding = 4; lastKnownFileType = sourcecode.c.h; path = YDNetWork.h; sourceTree = "<group>"; };
		2D47C3E81FB45335009646A8 /* YDNetWork.m */ = {isa = PBXFileReference; fileEncoding = 4; lastKnownFileType = sourcecode.c.objc; path = YDNetWork.m; sourceTree = "<group>"; };
		2D47C3E91FB45335009646A8 /* YDNetworking.h */ = {isa = PBXFileReference; fileEncoding = 4; lastKnownFileType = sourcecode.c.h; path = YDNetworking.h; sourceTree = "<group>"; };
		2D47C3EA1FB45335009646A8 /* YDNetworking.m */ = {isa = PBXFileReference; fileEncoding = 4; lastKnownFileType = sourcecode.c.objc; path = YDNetworking.m; sourceTree = "<group>"; };
		2D47C3EC1FB45335009646A8 /* TimerManager.h */ = {isa = PBXFileReference; fileEncoding = 4; lastKnownFileType = sourcecode.c.h; path = TimerManager.h; sourceTree = "<group>"; };
		2D47C3ED1FB45335009646A8 /* TimerManager.m */ = {isa = PBXFileReference; fileEncoding = 4; lastKnownFileType = sourcecode.c.objc; path = TimerManager.m; sourceTree = "<group>"; };
		2D47C3EF1FB45335009646A8 /* HHServicePickerView.h */ = {isa = PBXFileReference; fileEncoding = 4; lastKnownFileType = sourcecode.c.h; path = HHServicePickerView.h; sourceTree = "<group>"; };
		2D47C3F01FB45335009646A8 /* HHServicePickerView.m */ = {isa = PBXFileReference; fileEncoding = 4; lastKnownFileType = sourcecode.c.objc; path = HHServicePickerView.m; sourceTree = "<group>"; };
		2D47C3F81FB453A6009646A8 /* YDSelectPhoto.h */ = {isa = PBXFileReference; fileEncoding = 4; lastKnownFileType = sourcecode.c.h; path = YDSelectPhoto.h; sourceTree = "<group>"; };
		2D47C3F91FB453A6009646A8 /* YDSelectPhoto.m */ = {isa = PBXFileReference; fileEncoding = 4; lastKnownFileType = sourcecode.c.objc; path = YDSelectPhoto.m; sourceTree = "<group>"; };
		2D47C3FB1FB453A6009646A8 /* DejActivityView.h */ = {isa = PBXFileReference; fileEncoding = 4; lastKnownFileType = sourcecode.c.h; path = DejActivityView.h; sourceTree = "<group>"; };
		2D47C3FC1FB453A6009646A8 /* DejActivityView.m */ = {isa = PBXFileReference; fileEncoding = 4; lastKnownFileType = sourcecode.c.objc; path = DejActivityView.m; sourceTree = "<group>"; };
		2D47C3FD1FB453A6009646A8 /* DejFlickerView.h */ = {isa = PBXFileReference; fileEncoding = 4; lastKnownFileType = sourcecode.c.h; path = DejFlickerView.h; sourceTree = "<group>"; };
		2D47C3FE1FB453A6009646A8 /* DejFlickerView.m */ = {isa = PBXFileReference; fileEncoding = 4; lastKnownFileType = sourcecode.c.objc; path = DejFlickerView.m; sourceTree = "<group>"; };
		2D47C4021FB458CB009646A8 /* MapManager.h */ = {isa = PBXFileReference; lastKnownFileType = sourcecode.c.h; path = MapManager.h; sourceTree = "<group>"; };
		2D47C4031FB458CB009646A8 /* MapManager.m */ = {isa = PBXFileReference; lastKnownFileType = sourcecode.c.objc; path = MapManager.m; sourceTree = "<group>"; };
		2DD9F4AD1FB43FF8003A0ACE /* ssiwo.app */ = {isa = PBXFileReference; explicitFileType = wrapper.application; includeInIndex = 0; path = ssiwo.app; sourceTree = BUILT_PRODUCTS_DIR; };
		2DD9F4B01FB43FF8003A0ACE /* AppDelegate.h */ = {isa = PBXFileReference; lastKnownFileType = sourcecode.c.h; path = AppDelegate.h; sourceTree = "<group>"; };
		2DD9F4B11FB43FF8003A0ACE /* AppDelegate.m */ = {isa = PBXFileReference; lastKnownFileType = sourcecode.c.objc; path = AppDelegate.m; sourceTree = "<group>"; };
		2DD9F4B31FB43FF8003A0ACE /* ViewController.h */ = {isa = PBXFileReference; lastKnownFileType = sourcecode.c.h; path = ViewController.h; sourceTree = "<group>"; };
		2DD9F4B41FB43FF8003A0ACE /* ViewController.m */ = {isa = PBXFileReference; lastKnownFileType = sourcecode.c.objc; path = ViewController.m; sourceTree = "<group>"; };
		2DD9F4B71FB43FF8003A0ACE /* Base */ = {isa = PBXFileReference; lastKnownFileType = file.storyboard; name = Base; path = Base.lproj/Main.storyboard; sourceTree = "<group>"; };
		2DD9F4B91FB43FF8003A0ACE /* Assets.xcassets */ = {isa = PBXFileReference; lastKnownFileType = folder.assetcatalog; path = Assets.xcassets; sourceTree = "<group>"; };
		2DD9F4BC1FB43FF8003A0ACE /* Base */ = {isa = PBXFileReference; lastKnownFileType = file.storyboard; name = Base; path = Base.lproj/LaunchScreen.storyboard; sourceTree = "<group>"; };
		2DD9F4BE1FB43FF8003A0ACE /* Info.plist */ = {isa = PBXFileReference; lastKnownFileType = text.plist.xml; path = Info.plist; sourceTree = "<group>"; };
		2DD9F4BF1FB43FF8003A0ACE /* main.m */ = {isa = PBXFileReference; lastKnownFileType = sourcecode.c.objc; path = main.m; sourceTree = "<group>"; };
		2DD9F4CC1FB440DB003A0ACE /* HHNavigationController.h */ = {isa = PBXFileReference; lastKnownFileType = sourcecode.c.h; path = HHNavigationController.h; sourceTree = "<group>"; };
		2DD9F4CD1FB440DB003A0ACE /* HHNavigationController.m */ = {isa = PBXFileReference; lastKnownFileType = sourcecode.c.objc; path = HHNavigationController.m; sourceTree = "<group>"; };
		2DD9F4CF1FB440F4003A0ACE /* HHBaseController.h */ = {isa = PBXFileReference; lastKnownFileType = sourcecode.c.h; path = HHBaseController.h; sourceTree = "<group>"; };
		2DD9F4D01FB440F4003A0ACE /* HHBaseController.m */ = {isa = PBXFileReference; lastKnownFileType = sourcecode.c.objc; path = HHBaseController.m; sourceTree = "<group>"; };
		2DD9F4D21FB4412B003A0ACE /* PrefixHeader.pch */ = {isa = PBXFileReference; lastKnownFileType = sourcecode.c.h; path = PrefixHeader.pch; sourceTree = "<group>"; };
		2DD9F4D31FB441D8003A0ACE /* Const.h */ = {isa = PBXFileReference; lastKnownFileType = sourcecode.c.h; path = Const.h; sourceTree = "<group>"; };
		2DD9F4D41FB441E6003A0ACE /* Common.h */ = {isa = PBXFileReference; lastKnownFileType = sourcecode.c.h; path = Common.h; sourceTree = "<group>"; };
		2DD9F4D51FB44226003A0ACE /* Global.h */ = {isa = PBXFileReference; lastKnownFileType = sourcecode.c.h; path = Global.h; sourceTree = "<group>"; };
		2DD9F4D61FB44226003A0ACE /* Global.m */ = {isa = PBXFileReference; lastKnownFileType = sourcecode.c.objc; path = Global.m; sourceTree = "<group>"; };
		2DD9F4DA1FB4427D003A0ACE /* HHMainController.h */ = {isa = PBXFileReference; lastKnownFileType = sourcecode.c.h; path = HHMainController.h; sourceTree = "<group>"; };
		2DD9F4DB1FB4427D003A0ACE /* HHMainController.m */ = {isa = PBXFileReference; lastKnownFileType = sourcecode.c.objc; path = HHMainController.m; sourceTree = "<group>"; };
		2DD9F4DD1FB442C0003A0ACE /* UIView+YDHandle.h */ = {isa = PBXFileReference; fileEncoding = 4; lastKnownFileType = sourcecode.c.h; path = "UIView+YDHandle.h"; sourceTree = "<group>"; };
		2DD9F4DE1FB442C0003A0ACE /* NSString+date.h */ = {isa = PBXFileReference; fileEncoding = 4; lastKnownFileType = sourcecode.c.h; path = "NSString+date.h"; sourceTree = "<group>"; };
		2DD9F4DF1FB442C0003A0ACE /* NSString+date.m */ = {isa = PBXFileReference; fileEncoding = 4; lastKnownFileType = sourcecode.c.objc; path = "NSString+date.m"; sourceTree = "<group>"; };
		2DD9F4E01FB442C0003A0ACE /* NSString+Valid.h */ = {isa = PBXFileReference; fileEncoding = 4; lastKnownFileType = sourcecode.c.h; path = "NSString+Valid.h"; sourceTree = "<group>"; };
		2DD9F4E11FB442C0003A0ACE /* UIView+YDHandle.m */ = {isa = PBXFileReference; fileEncoding = 4; lastKnownFileType = sourcecode.c.objc; path = "UIView+YDHandle.m"; sourceTree = "<group>"; };
		2DD9F4E21FB442C0003A0ACE /* NSString+Valid.m */ = {isa = PBXFileReference; fileEncoding = 4; lastKnownFileType = sourcecode.c.objc; path = "NSString+Valid.m"; sourceTree = "<group>"; };
		2DD9F4E31FB442C1003A0ACE /* Foundation+Log.m */ = {isa = PBXFileReference; fileEncoding = 4; lastKnownFileType = sourcecode.c.objc; path = "Foundation+Log.m"; sourceTree = "<group>"; };
		2DD9F5111FB4473E003A0ACE /* HHMyInfoController.h */ = {isa = PBXFileReference; fileEncoding = 4; lastKnownFileType = sourcecode.c.h; path = HHMyInfoController.h; sourceTree = "<group>"; };
		2DD9F5121FB4473E003A0ACE /* HHMyInfoController.m */ = {isa = PBXFileReference; fileEncoding = 4; lastKnownFileType = sourcecode.c.objc; path = HHMyInfoController.m; sourceTree = "<group>"; };
		2DD9F5141FB44750003A0ACE /* HHAnimateController.h */ = {isa = PBXFileReference; lastKnownFileType = sourcecode.c.h; path = HHAnimateController.h; sourceTree = "<group>"; };
		2DD9F5151FB44750003A0ACE /* HHAnimateController.m */ = {isa = PBXFileReference; lastKnownFileType = sourcecode.c.objc; path = HHAnimateController.m; sourceTree = "<group>"; };
		2DD9F5171FB447A5003A0ACE /* HHPersonController.h */ = {isa = PBXFileReference; lastKnownFileType = sourcecode.c.h; path = HHPersonController.h; sourceTree = "<group>"; };
		2DD9F5181FB447A5003A0ACE /* HHPersonController.m */ = {isa = PBXFileReference; lastKnownFileType = sourcecode.c.objc; path = HHPersonController.m; sourceTree = "<group>"; };
		8EA714ECD3483615B57C76E4 /* libPods-ssiwo.a */ = {isa = PBXFileReference; explicitFileType = archive.ar; includeInIndex = 0; path = "libPods-ssiwo.a"; sourceTree = BUILT_PRODUCTS_DIR; };
/* End PBXFileReference section */

/* Begin PBXFrameworksBuildPhase section */
		2DD9F4AA1FB43FF8003A0ACE /* Frameworks */ = {
			isa = PBXFrameworksBuildPhase;
			buildActionMask = 2147483647;
			files = (
				4C6FAE2200B04E31A8AA55CD /* libPods-ssiwo.a in Frameworks */,
			);
			runOnlyForDeploymentPostprocessing = 0;
		};
/* End PBXFrameworksBuildPhase section */

/* Begin PBXGroup section */
		2D47C3E11FB45335009646A8 /* HHViewAnimated */ = {
			isa = PBXGroup;
			children = (
				2D47C3E21FB45335009646A8 /* UIView+animated.h */,
				2D47C3E31FB45335009646A8 /* UIView+animated.m */,
			);
			path = HHViewAnimated;
			sourceTree = "<group>";
		};
		2D47C3E41FB45335009646A8 /* HHNetwork */ = {
			isa = PBXGroup;
			children = (
				2D47C3E51FB45335009646A8 /* DejNetwork.h */,
				2D47C3E61FB45335009646A8 /* DejNetwork.m */,
				2D47C3E71FB45335009646A8 /* YDNetWork.h */,
				2D47C3E81FB45335009646A8 /* YDNetWork.m */,
				2D47C3E91FB45335009646A8 /* YDNetworking.h */,
				2D47C3EA1FB45335009646A8 /* YDNetworking.m */,
			);
			path = HHNetwork;
			sourceTree = "<group>";
		};
		2D47C3EB1FB45335009646A8 /* TimerManager */ = {
			isa = PBXGroup;
			children = (
				2D47C3EC1FB45335009646A8 /* TimerManager.h */,
				2D47C3ED1FB45335009646A8 /* TimerManager.m */,
			);
			path = TimerManager;
			sourceTree = "<group>";
		};
		2D47C3EE1FB45335009646A8 /* HHPickerView */ = {
			isa = PBXGroup;
			children = (
				2D47C3EF1FB45335009646A8 /* HHServicePickerView.h */,
				2D47C3F01FB45335009646A8 /* HHServicePickerView.m */,
			);
			path = HHPickerView;
			sourceTree = "<group>";
		};
		2D47C3F71FB453A6009646A8 /* YDSelectPhoto */ = {
			isa = PBXGroup;
			children = (
				2D47C3F81FB453A6009646A8 /* YDSelectPhoto.h */,
				2D47C3F91FB453A6009646A8 /* YDSelectPhoto.m */,
			);
			path = YDSelectPhoto;
			sourceTree = "<group>";
		};
		2D47C3FA1FB453A6009646A8 /* DejActivityView */ = {
			isa = PBXGroup;
			children = (
				2D47C3FB1FB453A6009646A8 /* DejActivityView.h */,
				2D47C3FC1FB453A6009646A8 /* DejActivityView.m */,
				2D47C3FD1FB453A6009646A8 /* DejFlickerView.h */,
				2D47C3FE1FB453A6009646A8 /* DejFlickerView.m */,
			);
			path = DejActivityView;
			sourceTree = "<group>";
		};
		2DD9F4A41FB43FF8003A0ACE = {
			isa = PBXGroup;
			children = (
				2DD9F4C61FB440A9003A0ACE /* Code */,
				2DD9F4AF1FB43FF8003A0ACE /* ssiwo */,
				2DD9F4AE1FB43FF8003A0ACE /* Products */,
				509C2F2C978401B7C38B9A17 /* Pods */,
				FED389650C73AC1525ADC469 /* Frameworks */,
			);
			sourceTree = "<group>";
		};
		2DD9F4AE1FB43FF8003A0ACE /* Products */ = {
			isa = PBXGroup;
			children = (
				2DD9F4AD1FB43FF8003A0ACE /* ssiwo.app */,
			);
			name = Products;
			sourceTree = "<group>";
		};
		2DD9F4AF1FB43FF8003A0ACE /* ssiwo */ = {
			isa = PBXGroup;
			children = (
				2DD9F4B01FB43FF8003A0ACE /* AppDelegate.h */,
				2DD9F4B11FB43FF8003A0ACE /* AppDelegate.m */,
				2DD9F4B31FB43FF8003A0ACE /* ViewController.h */,
				2DD9F4B41FB43FF8003A0ACE /* ViewController.m */,
				2DD9F4B61FB43FF8003A0ACE /* Main.storyboard */,
				2DD9F4B91FB43FF8003A0ACE /* Assets.xcassets */,
				2DD9F4BB1FB43FF8003A0ACE /* LaunchScreen.storyboard */,
				2DD9F4BE1FB43FF8003A0ACE /* Info.plist */,
				2DD9F4BF1FB43FF8003A0ACE /* main.m */,
				2DD9F4D21FB4412B003A0ACE /* PrefixHeader.pch */,
			);
			path = ssiwo;
			sourceTree = "<group>";
		};
		2DD9F4C61FB440A9003A0ACE /* Code */ = {
			isa = PBXGroup;
			children = (
				2DD9F4E81FB44594003A0ACE /* Util */,
				2DD9F4C71FB440A9003A0ACE /* Base */,
				2DD9F4C81FB440A9003A0ACE /* Category */,
				2DD9F4C91FB440A9003A0ACE /* Class */,
				2DD9F4CA1FB440A9003A0ACE /* Common */,
			);
			path = Code;
			sourceTree = "<group>";
		};
		2DD9F4C71FB440A9003A0ACE /* Base */ = {
			isa = PBXGroup;
			children = (
				2D47C3DB1FB44B45009646A8 /* HHAMapHelper.h */,
				2D47C3DC1FB44B45009646A8 /* HHAMapHelper.m */,
				2DD9F4CC1FB440DB003A0ACE /* HHNavigationController.h */,
				2DD9F4CD1FB440DB003A0ACE /* HHNavigationController.m */,
				2DD9F4CF1FB440F4003A0ACE /* HHBaseController.h */,
				2DD9F4D01FB440F4003A0ACE /* HHBaseController.m */,
			);
			path = Base;
			sourceTree = "<group>";
		};
		2DD9F4C81FB440A9003A0ACE /* Category */ = {
			isa = PBXGroup;
			children = (
				2DD9F4E31FB442C1003A0ACE /* Foundation+Log.m */,
				2DD9F4DE1FB442C0003A0ACE /* NSString+date.h */,
				2DD9F4DF1FB442C0003A0ACE /* NSString+date.m */,
				2DD9F4E01FB442C0003A0ACE /* NSString+Valid.h */,
				2DD9F4E21FB442C0003A0ACE /* NSString+Valid.m */,
				2DD9F4DD1FB442C0003A0ACE /* UIView+YDHandle.h */,
				2DD9F4E11FB442C0003A0ACE /* UIView+YDHandle.m */,
			);
			path = Category;
			sourceTree = "<group>";
		};
		2DD9F4C91FB440A9003A0ACE /* Class */ = {
			isa = PBXGroup;
			children = (
				2DD9F50C1FB44709003A0ACE /* MyInfo */,
				2DD9F4D81FB44269003A0ACE /* Main */,
			);
			path = Class;
			sourceTree = "<group>";
		};
		2DD9F4CA1FB440A9003A0ACE /* Common */ = {
			isa = PBXGroup;
			children = (
				2DD9F4D31FB441D8003A0ACE /* Const.h */,
				2DD9F4D41FB441E6003A0ACE /* Common.h */,
				2DD9F4D51FB44226003A0ACE /* Global.h */,
				2DD9F4D61FB44226003A0ACE /* Global.m */,
				2D47C4021FB458CB009646A8 /* MapManager.h */,
				2D47C4031FB458CB009646A8 /* MapManager.m */,
			);
			path = Common;
			sourceTree = "<group>";
		};
		2DD9F4D81FB44269003A0ACE /* Main */ = {
			isa = PBXGroup;
			children = (
				2DD9F4D91FB44269003A0ACE /* Controller */,
			);
			path = Main;
			sourceTree = "<group>";
		};
		2DD9F4D91FB44269003A0ACE /* Controller */ = {
			isa = PBXGroup;
			children = (
				2DD9F4DA1FB4427D003A0ACE /* HHMainController.h */,
				2DD9F4DB1FB4427D003A0ACE /* HHMainController.m */,
			);
			path = Controller;
			sourceTree = "<group>";
		};
		2DD9F4E81FB44594003A0ACE /* Util */ = {
			isa = PBXGroup;
			children = (
				2D47C3FA1FB453A6009646A8 /* DejActivityView */,
				2D47C3F71FB453A6009646A8 /* YDSelectPhoto */,
				2D47C3E41FB45335009646A8 /* HHNetwork */,
				2D47C3EE1FB45335009646A8 /* HHPickerView */,
				2D47C3E11FB45335009646A8 /* HHViewAnimated */,
				2D47C3EB1FB45335009646A8 /* TimerManager */,
			);
			path = Util;
			sourceTree = "<group>";
		};
		2DD9F50C1FB44709003A0ACE /* MyInfo */ = {
			isa = PBXGroup;
			children = (
				2DD9F5101FB4473E003A0ACE /* Controller */,
			);
			path = MyInfo;
			sourceTree = "<group>";
		};
		2DD9F5101FB4473E003A0ACE /* Controller */ = {
			isa = PBXGroup;
			children = (
				2DD9F5141FB44750003A0ACE /* HHAnimateController.h */,
				2DD9F5151FB44750003A0ACE /* HHAnimateController.m */,
				2DD9F5171FB447A5003A0ACE /* HHPersonController.h */,
				2DD9F5181FB447A5003A0ACE /* HHPersonController.m */,
				2DD9F5111FB4473E003A0ACE /* HHMyInfoController.h */,
				2DD9F5121FB4473E003A0ACE /* HHMyInfoController.m */,
				2D47C3DE1FB44F17009646A8 /* HHMyTripController.h */,
				2D47C3DF1FB44F17009646A8 /* HHMyTripController.m */,
			);
			path = Controller;
			sourceTree = "<group>";
		};
		509C2F2C978401B7C38B9A17 /* Pods */ = {
			isa = PBXGroup;
			children = (
				1658EC6129DFC18FCDB77C0F /* Pods-ssiwo.debug.xcconfig */,
				02C887AB2D141C7432FD6998 /* Pods-ssiwo.release.xcconfig */,
			);
			name = Pods;
			sourceTree = "<group>";
		};
		FED389650C73AC1525ADC469 /* Frameworks */ = {
			isa = PBXGroup;
			children = (
				8EA714ECD3483615B57C76E4 /* libPods-ssiwo.a */,
			);
			name = Frameworks;
			sourceTree = "<group>";
		};
/* End PBXGroup section */

/* Begin PBXNativeTarget section */
		2DD9F4AC1FB43FF8003A0ACE /* ssiwo */ = {
			isa = PBXNativeTarget;
			buildConfigurationList = 2DD9F4C31FB43FF8003A0ACE /* Build configuration list for PBXNativeTarget "ssiwo" */;
			buildPhases = (
				43D515CAD81A8ACA7093C3F6 /* [CP] Check Pods Manifest.lock */,
				2DD9F4A91FB43FF8003A0ACE /* Sources */,
				2DD9F4AA1FB43FF8003A0ACE /* Frameworks */,
				2DD9F4AB1FB43FF8003A0ACE /* Resources */,
				1F7CF5D5521040DA003A548E /* [CP] Embed Pods Frameworks */,
				C5E2194CE2572FE80B2206E2 /* [CP] Copy Pods Resources */,
			);
			buildRules = (
			);
			dependencies = (
			);
			name = ssiwo;
			productName = ssiwo;
			productReference = 2DD9F4AD1FB43FF8003A0ACE /* ssiwo.app */;
			productType = "com.apple.product-type.application";
		};
/* End PBXNativeTarget section */

/* Begin PBXProject section */
		2DD9F4A51FB43FF8003A0ACE /* Project object */ = {
			isa = PBXProject;
			attributes = {
				LastUpgradeCheck = 0910;
				ORGANIZATIONNAME = maoziyue;
				TargetAttributes = {
					2DD9F4AC1FB43FF8003A0ACE = {
						CreatedOnToolsVersion = 9.1;
						ProvisioningStyle = Automatic;
					};
				};
			};
			buildConfigurationList = 2DD9F4A81FB43FF8003A0ACE /* Build configuration list for PBXProject "ssiwo" */;
			compatibilityVersion = "Xcode 8.0";
			developmentRegion = en;
			hasScannedForEncodings = 0;
			knownRegions = (
				en,
				Base,
			);
			mainGroup = 2DD9F4A41FB43FF8003A0ACE;
			productRefGroup = 2DD9F4AE1FB43FF8003A0ACE /* Products */;
			projectDirPath = "";
			projectRoot = "";
			targets = (
				2DD9F4AC1FB43FF8003A0ACE /* ssiwo */,
			);
		};
/* End PBXProject section */

/* Begin PBXResourcesBuildPhase section */
		2DD9F4AB1FB43FF8003A0ACE /* Resources */ = {
			isa = PBXResourcesBuildPhase;
			buildActionMask = 2147483647;
			files = (
				2DD9F4BD1FB43FF8003A0ACE /* LaunchScreen.storyboard in Resources */,
				2DD9F4BA1FB43FF8003A0ACE /* Assets.xcassets in Resources */,
				2DD9F4B81FB43FF8003A0ACE /* Main.storyboard in Resources */,
			);
			runOnlyForDeploymentPostprocessing = 0;
		};
/* End PBXResourcesBuildPhase section */

/* Begin PBXShellScriptBuildPhase section */
		1F7CF5D5521040DA003A548E /* [CP] Embed Pods Frameworks */ = {
			isa = PBXShellScriptBuildPhase;
			buildActionMask = 2147483647;
			files = (
			);
			inputPaths = (
			);
			name = "[CP] Embed Pods Frameworks";
			outputPaths = (
			);
			runOnlyForDeploymentPostprocessing = 0;
			shellPath = /bin/sh;
			shellScript = "\"${SRCROOT}/Pods/Target Support Files/Pods-ssiwo/Pods-ssiwo-frameworks.sh\"\n";
			showEnvVarsInLog = 0;
		};
		43D515CAD81A8ACA7093C3F6 /* [CP] Check Pods Manifest.lock */ = {
			isa = PBXShellScriptBuildPhase;
			buildActionMask = 2147483647;
			files = (
			);
			inputPaths = (
				"${PODS_PODFILE_DIR_PATH}/Podfile.lock",
				"${PODS_ROOT}/Manifest.lock",
			);
			name = "[CP] Check Pods Manifest.lock";
			outputPaths = (
				"$(DERIVED_FILE_DIR)/Pods-ssiwo-checkManifestLockResult.txt",
			);
			runOnlyForDeploymentPostprocessing = 0;
			shellPath = /bin/sh;
			shellScript = "diff \"${PODS_PODFILE_DIR_PATH}/Podfile.lock\" \"${PODS_ROOT}/Manifest.lock\" > /dev/null\nif [ $? != 0 ] ; then\n    # print error to STDERR\n    echo \"error: The sandbox is not in sync with the Podfile.lock. Run 'pod install' or update your CocoaPods installation.\" >&2\n    exit 1\nfi\n# This output is used by Xcode 'outputs' to avoid re-running this script phase.\necho \"SUCCESS\" > \"${SCRIPT_OUTPUT_FILE_0}\"\n";
			showEnvVarsInLog = 0;
		};
		C5E2194CE2572FE80B2206E2 /* [CP] Copy Pods Resources */ = {
			isa = PBXShellScriptBuildPhase;
			buildActionMask = 2147483647;
			files = (
			);
			inputPaths = (
				"${SRCROOT}/Pods/Target Support Files/Pods-ssiwo/Pods-ssiwo-resources.sh",
				"${PODS_ROOT}/AMap3DMap/MAMapKit.framework/AMap.bundle",
				"${PODS_ROOT}/AMapNavi/AMapNaviKit.framework/AMapNavi.bundle",
				"${PODS_ROOT}/MJRefresh/MJRefresh/MJRefresh.bundle",
			);
			name = "[CP] Copy Pods Resources";
			outputPaths = (
				"${TARGET_BUILD_DIR}/${UNLOCALIZED_RESOURCES_FOLDER_PATH}",
			);
			runOnlyForDeploymentPostprocessing = 0;
			shellPath = /bin/sh;
			shellScript = "\"${SRCROOT}/Pods/Target Support Files/Pods-ssiwo/Pods-ssiwo-resources.sh\"\n";
			showEnvVarsInLog = 0;
		};
/* End PBXShellScriptBuildPhase section */

/* Begin PBXSourcesBuildPhase section */
		2DD9F4A91FB43FF8003A0ACE /* Sources */ = {
			isa = PBXSourcesBuildPhase;
			buildActionMask = 2147483647;
			files = (
				2D47C4041FB458CB009646A8 /* MapManager.m in Sources */,
				2D47C3F11FB45335009646A8 /* UIView+animated.m in Sources */,
				2DD9F4D71FB44226003A0ACE /* Global.m in Sources */,
				2D47C3FF1FB453A6009646A8 /* YDSelectPhoto.m in Sources */,
				2D47C3F51FB45335009646A8 /* TimerManager.m in Sources */,
				2D47C3F21FB45335009646A8 /* DejNetwork.m in Sources */,
				2DD9F4B51FB43FF8003A0ACE /* ViewController.m in Sources */,
				2DD9F4DC1FB4427D003A0ACE /* HHMainController.m in Sources */,
				2D47C4001FB453A6009646A8 /* DejActivityView.m in Sources */,
				2DD9F4E41FB442C1003A0ACE /* NSString+date.m in Sources */,
				2DD9F4E61FB442C1003A0ACE /* NSString+Valid.m in Sources */,
				2D47C3F61FB45335009646A8 /* HHServicePickerView.m in Sources */,
				2DD9F5191FB447A5003A0ACE /* HHPersonController.m in Sources */,
				2DD9F4E71FB442C1003A0ACE /* Foundation+Log.m in Sources */,
				2D47C3F31FB45335009646A8 /* YDNetWork.m in Sources */,
				2DD9F4D11FB440F4003A0ACE /* HHBaseController.m in Sources */,
				2D47C4011FB453A6009646A8 /* DejFlickerView.m in Sources */,
				2D47C3E01FB44F17009646A8 /* HHMyTripController.m in Sources */,
				2DD9F4C01FB43FF8003A0ACE /* main.m in Sources */,
				2DD9F5131FB4473E003A0ACE /* HHMyInfoController.m in Sources */,
				2DD9F4E51FB442C1003A0ACE /* UIView+YDHandle.m in Sources */,
				2D47C3DD1FB44B46009646A8 /* HHAMapHelper.m in Sources */,
				2DD9F4B21FB43FF8003A0ACE /* AppDelegate.m in Sources */,
				2DD9F4CE1FB440DB003A0ACE /* HHNavigationController.m in Sources */,
				2D47C3F41FB45335009646A8 /* YDNetworking.m in Sources */,
				2DD9F5161FB44750003A0ACE /* HHAnimateController.m in Sources */,
			);
			runOnlyForDeploymentPostprocessing = 0;
		};
/* End PBXSourcesBuildPhase section */

/* Begin PBXVariantGroup section */
		2DD9F4B61FB43FF8003A0ACE /* Main.storyboard */ = {
			isa = PBXVariantGroup;
			children = (
				2DD9F4B71FB43FF8003A0ACE /* Base */,
			);
			name = Main.storyboard;
			sourceTree = "<group>";
		};
		2DD9F4BB1FB43FF8003A0ACE /* LaunchScreen.storyboard */ = {
			isa = PBXVariantGroup;
			children = (
				2DD9F4BC1FB43FF8003A0ACE /* Base */,
			);
			name = LaunchScreen.storyboard;
			sourceTree = "<group>";
		};
/* End PBXVariantGroup section */

/* Begin XCBuildConfiguration section */
		2DD9F4C11FB43FF8003A0ACE /* Debug */ = {
			isa = XCBuildConfiguration;
			buildSettings = {
				ALWAYS_SEARCH_USER_PATHS = NO;
				CLANG_ANALYZER_NONNULL = YES;
				CLANG_ANALYZER_NUMBER_OBJECT_CONVERSION = YES_AGGRESSIVE;
				CLANG_CXX_LANGUAGE_STANDARD = "gnu++14";
				CLANG_CXX_LIBRARY = "libc++";
				CLANG_ENABLE_MODULES = YES;
				CLANG_ENABLE_OBJC_ARC = YES;
				CLANG_WARN_BLOCK_CAPTURE_AUTORELEASING = YES;
				CLANG_WARN_BOOL_CONVERSION = YES;
				CLANG_WARN_COMMA = YES;
				CLANG_WARN_CONSTANT_CONVERSION = YES;
				CLANG_WARN_DIRECT_OBJC_ISA_USAGE = YES_ERROR;
				CLANG_WARN_DOCUMENTATION_COMMENTS = YES;
				CLANG_WARN_EMPTY_BODY = YES;
				CLANG_WARN_ENUM_CONVERSION = YES;
				CLANG_WARN_INFINITE_RECURSION = YES;
				CLANG_WARN_INT_CONVERSION = YES;
				CLANG_WARN_NON_LITERAL_NULL_CONVERSION = YES;
				CLANG_WARN_OBJC_LITERAL_CONVERSION = YES;
				CLANG_WARN_OBJC_ROOT_CLASS = YES_ERROR;
				CLANG_WARN_RANGE_LOOP_ANALYSIS = YES;
				CLANG_WARN_STRICT_PROTOTYPES = YES;
				CLANG_WARN_SUSPICIOUS_MOVE = YES;
				CLANG_WARN_UNGUARDED_AVAILABILITY = YES_AGGRESSIVE;
				CLANG_WARN_UNREACHABLE_CODE = YES;
				CLANG_WARN__DUPLICATE_METHOD_MATCH = YES;
				CODE_SIGN_IDENTITY = "iPhone Developer";
				COPY_PHASE_STRIP = NO;
				DEBUG_INFORMATION_FORMAT = dwarf;
				ENABLE_STRICT_OBJC_MSGSEND = YES;
				ENABLE_TESTABILITY = YES;
				GCC_C_LANGUAGE_STANDARD = gnu11;
				GCC_DYNAMIC_NO_PIC = NO;
				GCC_NO_COMMON_BLOCKS = YES;
				GCC_OPTIMIZATION_LEVEL = 0;
				GCC_PREPROCESSOR_DEFINITIONS = (
					"DEBUG=1",
					"$(inherited)",
				);
				GCC_WARN_64_TO_32_BIT_CONVERSION = YES;
				GCC_WARN_ABOUT_RETURN_TYPE = YES_ERROR;
				GCC_WARN_UNDECLARED_SELECTOR = YES;
				GCC_WARN_UNINITIALIZED_AUTOS = YES_AGGRESSIVE;
				GCC_WARN_UNUSED_FUNCTION = YES;
				GCC_WARN_UNUSED_VARIABLE = YES;
				IPHONEOS_DEPLOYMENT_TARGET = 11.1;
				MTL_ENABLE_DEBUG_INFO = YES;
				ONLY_ACTIVE_ARCH = YES;
				SDKROOT = iphoneos;
			};
			name = Debug;
		};
		2DD9F4C21FB43FF8003A0ACE /* Release */ = {
			isa = XCBuildConfiguration;
			buildSettings = {
				ALWAYS_SEARCH_USER_PATHS = NO;
				CLANG_ANALYZER_NONNULL = YES;
				CLANG_ANALYZER_NUMBER_OBJECT_CONVERSION = YES_AGGRESSIVE;
				CLANG_CXX_LANGUAGE_STANDARD = "gnu++14";
				CLANG_CXX_LIBRARY = "libc++";
				CLANG_ENABLE_MODULES = YES;
				CLANG_ENABLE_OBJC_ARC = YES;
				CLANG_WARN_BLOCK_CAPTURE_AUTORELEASING = YES;
				CLANG_WARN_BOOL_CONVERSION = YES;
				CLANG_WARN_COMMA = YES;
				CLANG_WARN_CONSTANT_CONVERSION = YES;
				CLANG_WARN_DIRECT_OBJC_ISA_USAGE = YES_ERROR;
				CLANG_WARN_DOCUMENTATION_COMMENTS = YES;
				CLANG_WARN_EMPTY_BODY = YES;
				CLANG_WARN_ENUM_CONVERSION = YES;
				CLANG_WARN_INFINITE_RECURSION = YES;
				CLANG_WARN_INT_CONVERSION = YES;
				CLANG_WARN_NON_LITERAL_NULL_CONVERSION = YES;
				CLANG_WARN_OBJC_LITERAL_CONVERSION = YES;
				CLANG_WARN_OBJC_ROOT_CLASS = YES_ERROR;
				CLANG_WARN_RANGE_LOOP_ANALYSIS = YES;
				CLANG_WARN_STRICT_PROTOTYPES = YES;
				CLANG_WARN_SUSPICIOUS_MOVE = YES;
				CLANG_WARN_UNGUARDED_AVAILABILITY = YES_AGGRESSIVE;
				CLANG_WARN_UNREACHABLE_CODE = YES;
				CLANG_WARN__DUPLICATE_METHOD_MATCH = YES;
				CODE_SIGN_IDENTITY = "iPhone Developer";
				COPY_PHASE_STRIP = NO;
				DEBUG_INFORMATION_FORMAT = "dwarf-with-dsym";
				ENABLE_NS_ASSERTIONS = NO;
				ENABLE_STRICT_OBJC_MSGSEND = YES;
				GCC_C_LANGUAGE_STANDARD = gnu11;
				GCC_NO_COMMON_BLOCKS = YES;
				GCC_WARN_64_TO_32_BIT_CONVERSION = YES;
				GCC_WARN_ABOUT_RETURN_TYPE = YES_ERROR;
				GCC_WARN_UNDECLARED_SELECTOR = YES;
				GCC_WARN_UNINITIALIZED_AUTOS = YES_AGGRESSIVE;
				GCC_WARN_UNUSED_FUNCTION = YES;
				GCC_WARN_UNUSED_VARIABLE = YES;
				IPHONEOS_DEPLOYMENT_TARGET = 11.1;
				MTL_ENABLE_DEBUG_INFO = NO;
				SDKROOT = iphoneos;
				VALIDATE_PRODUCT = YES;
			};
			name = Release;
		};
		2DD9F4C41FB43FF8003A0ACE /* Debug */ = {
			isa = XCBuildConfiguration;
			baseConfigurationReference = 1658EC6129DFC18FCDB77C0F /* Pods-ssiwo.debug.xcconfig */;
			buildSettings = {
				ASSETCATALOG_COMPILER_APPICON_NAME = AppIcon;
				CODE_SIGN_STYLE = Automatic;
				DEVELOPMENT_TEAM = U849E38UE8;
				GCC_PRECOMPILE_PREFIX_HEADER = YES;
				GCC_PREFIX_HEADER = "$(SRCROOT)/ssiwo/PrefixHeader.pch";
				INFOPLIST_FILE = ssiwo/Info.plist;
				IPHONEOS_DEPLOYMENT_TARGET = 9.0;
				LD_RUNPATH_SEARCH_PATHS = "$(inherited) @executable_path/Frameworks";
				PRODUCT_BUNDLE_IDENTIFIER = com.maossiswo.www;
				PRODUCT_NAME = "$(TARGET_NAME)";
				TARGETED_DEVICE_FAMILY = "1,2";
			};
			name = Debug;
		};
		2DD9F4C51FB43FF8003A0ACE /* Release */ = {
			isa = XCBuildConfiguration;
			baseConfigurationReference = 02C887AB2D141C7432FD6998 /* Pods-ssiwo.release.xcconfig */;
			buildSettings = {
				ASSETCATALOG_COMPILER_APPICON_NAME = AppIcon;
				CODE_SIGN_STYLE = Automatic;
				DEVELOPMENT_TEAM = U849E38UE8;
				GCC_PRECOMPILE_PREFIX_HEADER = YES;
				GCC_PREFIX_HEADER = "$(SRCROOT)/ssiwo/PrefixHeader.pch";
				INFOPLIST_FILE = ssiwo/Info.plist;
				IPHONEOS_DEPLOYMENT_TARGET = 9.0;
				LD_RUNPATH_SEARCH_PATHS = "$(inherited) @executable_path/Frameworks";
				PRODUCT_BUNDLE_IDENTIFIER = com.maossiswo.www;
				PRODUCT_NAME = "$(TARGET_NAME)";
				TARGETED_DEVICE_FAMILY = "1,2";
			};
			name = Release;
		};
/* End XCBuildConfiguration section */

/* Begin XCConfigurationList section */
		2DD9F4A81FB43FF8003A0ACE /* Build configuration list for PBXProject "ssiwo" */ = {
			isa = XCConfigurationList;
			buildConfigurations = (
				2DD9F4C11FB43FF8003A0ACE /* Debug */,
				2DD9F4C21FB43FF8003A0ACE /* Release */,
			);
			defaultConfigurationIsVisible = 0;
			defaultConfigurationName = Release;
		};
		2DD9F4C31FB43FF8003A0ACE /* Build configuration list for PBXNativeTarget "ssiwo" */ = {
			isa = XCConfigurationList;
			buildConfigurations = (
				2DD9F4C41FB43FF8003A0ACE /* Debug */,
				2DD9F4C51FB43FF8003A0ACE /* Release */,
			);
			defaultConfigurationIsVisible = 0;
			defaultConfigurationName = Release;
		};
/* End XCConfigurationList section */
	};
	rootObject = 2DD9F4A51FB43FF8003A0ACE /* Project object */;
}
